{
  "name": "opencode-permission-integration",
  "lockfileVersion": 3,
  "requires": true,
  "packages": {
    "": {
      "name": "opencode-permission-integration",
      "dependencies": {
        "@plannotator/opencode": "0.27.12",
        "jsonc-parser": "3.3.1",
        "yaml": "2.8.3"
      }
    },
    "node_modules/@plannotator/opencode": {
      "version": "0.27.12",
      "resolved": "https://registry.npmjs.org/@plannotator/opencode/-/opencode-0.27.12.tgz",
      "integrity": "sha512-SPFUZOJNscUyGhzDNRjY85ulPPmMpzUEQT9EacNUrcgVS7lGR3Qsn+PrTFZ4xa/Q/G6HiZmzGYILBPEWZVWBQw==",
      "hasInstallScript": true,
      "license": "MIT OR Apache-2.0",
      "engines": {
        "bun": ">=1.0.0"
      }
    },
    "node_modules/jsonc-parser": {
      "version": "3.3.1",
      "resolved": "https://registry.npmjs.org/jsonc-parser/-/jsonc-parser-3.3.1.tgz",
      "integrity": "sha512-HUgH65KyejrUFPvHFPbqOY0rsFip3Bo5wb4ngvdi1EpCYWUQDC5V+Y7mZws+DLkr4M//zQJoanu1SP+87Dv1oQ==",
      "license": "MIT"
    },
    "node_modules/yaml": {
      "version": "2.8.3",
      "resolved": "https://registry.npmjs.org/yaml/-/yaml-2.8.3.tgz",
      "integrity": "sha512-AvbaCLOO2Otw/lW5bmh9d/WEdcDFdQp2Z2ZUH3pX9U2ihyUY0nvLv7J6TrWowklRGPYbB/IuIMfYgxaCPg5Bpg==",
      "license": "ISC",
      "bin": {
        "yaml": "bin.mjs"
      },
      "engines": {
        "node": ">= 14.6"
      },
      "funding": {
        "url": "https://github.com/sponsors/eemeli"
      }
    }
  }
}
